// !$*UTF8*$!
{
	archiveVersion = 1;
	classes = {
	};
	objectVersion = 50;
	objects = {

/* Begin PBXBuildFile section */
		354318C7250050090024CD90 /* AppDelegate.swift in Sources */ = {isa = PBXBuildFile; fileRef = 354318C6250050090024CD90 /* AppDelegate.swift */; };
		354318CB250050090024CD90 /* MainViewController.swift in Sources */ = {isa = PBXBuildFile; fileRef = 354318CA250050090024CD90 /* MainViewController.swift */; };
		354318CE250050090024CD90 /* Main.storyboard in Resources */ = {isa = PBXBuildFile; fileRef = 354318CC250050090024CD90 /* Main.storyboard */; };
		354318D02500500A0024CD90 /* Assets.xcassets in Resources */ = {isa = PBXBuildFile; fileRef = 354318CF2500500A0024CD90 /* Assets.xcassets */; };
		354318D32500500A0024CD90 /* LaunchScreen.storyboard in Resources */ = {isa = PBXBuildFile; fileRef = 354318D12500500A0024CD90 /* LaunchScreen.storyboard */; };
		354318DE2500500A0024CD90 /* MyWeatherAppTests.swift in Sources */ = {isa = PBXBuildFile; fileRef = 354318DD2500500A0024CD90 /* MyWeatherAppTests.swift */; };
		354318E92500500A0024CD90 /* MyWeatherAppUITests.swift in Sources */ = {isa = PBXBuildFile; fileRef = 354318E82500500A0024CD90 /* MyWeatherAppUITests.swift */; };
		354318F9250054760024CD90 /* forecasts.json in Resources */ = {isa = PBXBuildFile; fileRef = 354318F8250054760024CD90 /* forecasts.json */; };
/* End PBXBuildFile section */

/* Begin PBXContainerItemProxy section */
		354318DA2500500A0024CD90 /* PBXContainerItemProxy */ = {
			isa = PBXContainerItemProxy;
			containerPortal = 354318BB250050090024CD90 /* Project object */;
			proxyType = 1;
			remoteGlobalIDString = 354318C2250050090024CD90;
			remoteInfo = MyWeatherApp;
		};
		354318E52500500A0024CD90 /* PBXContainerItemProxy */ = {
			isa = PBXContainerItemProxy;
			containerPortal = 354318BB250050090024CD90 /* Project object */;
			proxyType = 1;
			remoteGlobalIDString = 354318C2250050090024CD90;
			remoteInfo = MyWeatherApp;
		};
/* End PBXContainerItemProxy section */

/* Begin PBXFileReference section */
		354318C3250050090024CD90 /* MyWeatherApp.app */ = {isa = PBXFileReference; explicitFileType = wrapper.application; includeInIndex = 0; path = MyWeatherApp.app; sourceTree = BUILT_PRODUCTS_DIR; };
		354318C6250050090024CD90 /* AppDelegate.swift */ = {isa = PBXFileReference; lastKnownFileType = sourcecode.swift; path = AppDelegate.swift; sourceTree = "<group>"; };
		354318CA250050090024CD90 /* MainViewController.swift */ = {isa = PBXFileReference; lastKnownFileType = sourcecode.swift; path = MainViewController.swift; sourceTree = "<group>"; };
		354318CD250050090024CD90 /* Base */ = {isa = PBXFileReference; lastKnownFileType = file.storyboard; name = Base; path = Base.lproj/Main.storyboard; sourceTree = "<group>"; };
		354318CF2500500A0024CD90 /* Assets.xcassets */ = {isa = PBXFileReference; lastKnownFileType = folder.assetcatalog; path = Assets.xcassets; sourceTree = "<group>"; };
		354318D22500500A0024CD90 /* Base */ = {isa = PBXFileReference; lastKnownFileType = file.storyboard; name = Base; path = Base.lproj/LaunchScreen.storyboard; sourceTree = "<group>"; };
		354318D42500500A0024CD90 /* Info.plist */ = {isa = PBXFileReference; lastKnownFileType = text.plist.xml; path = Info.plist; sourceTree = "<group>"; };
		354318D92500500A0024CD90 /* MyWeatherAppTests.xctest */ = {isa = PBXFileReference; explicitFileType = wrapper.cfbundle; includeInIndex = 0; path = MyWeatherAppTests.xctest; sourceTree = BUILT_PRODUCTS_DIR; };
		354318DD2500500A0024CD90 /* MyWeatherAppTests.swift */ = {isa = PBXFileReference; lastKnownFileType = sourcecode.swift; path = MyWeatherAppTests.swift; sourceTree = "<group>"; };
		354318DF2500500A0024CD90 /* Info.plist */ = {isa = PBXFileReference; lastKnownFileType = text.plist.xml; path = Info.plist; sourceTree = "<group>"; };
		354318E42500500A0024CD90 /* MyWeatherAppUITests.xctest */ = {isa = PBXFileReference; explicitFileType = wrapper.cfbundle; includeInIndex = 0; path = MyWeatherAppUITests.xctest; sourceTree = BUILT_PRODUCTS_DIR; };
		354318E82500500A0024CD90 /* MyWeatherAppUITests.swift */ = {isa = PBXFileReference; lastKnownFileType = sourcecode.swift; path = MyWeatherAppUITests.swift; sourceTree = "<group>"; };
		354318EA2500500A0024CD90 /* Info.plist */ = {isa = PBXFileReference; lastKnownFileType = text.plist.xml; path = Info.plist; sourceTree = "<group>"; };
		354318F8250054760024CD90 /* forecasts.json */ = {isa = PBXFileReference; lastKnownFileType = text.json; path = forecasts.json; sourceTree = "<group>"; };
/* End PBXFileReference section */

/* Begin PBXFrameworksBuildPhase section */
		354318C0250050090024CD90 /* Frameworks */ = {
			isa = PBXFrameworksBuildPhase;
			buildActionMask = 2147483647;
			files = (
			);
			runOnlyForDeploymentPostprocessing = 0;
		};
		354318D62500500A0024CD90 /* Frameworks */ = {
			isa = PBXFrameworksBuildPhase;
			buildActionMask = 2147483647;
			files = (
			);
			runOnlyForDeploymentPostprocessing = 0;
		};
		354318E12500500A0024CD90 /* Frameworks */ = {
			isa = PBXFrameworksBuildPhase;
			buildActionMask = 2147483647;
			files = (
			);
			runOnlyForDeploymentPostprocessing = 0;
		};
/* End PBXFrameworksBuildPhase section */

/* Begin PBXGroup section */
		354318BA250050090024CD90 = {
			isa = PBXGroup;
			children = (
				354318C5250050090024CD90 /* MyWeatherApp */,
				354318DC2500500A0024CD90 /* MyWeatherAppTests */,
				354318E72500500A0024CD90 /* MyWeatherAppUITests */,
				354318C4250050090024CD90 /* Products */,
			);
			sourceTree = "<group>";
		};
		354318C4250050090024CD90 /* Products */ = {
			isa = PBXGroup;
			children = (
				354318C3250050090024CD90 /* MyWeatherApp.app */,
				354318D92500500A0024CD90 /* MyWeatherAppTests.xctest */,
				354318E42500500A0024CD90 /* MyWeatherAppUITests.xctest */,
			);
			name = Products;
			sourceTree = "<group>";
		};
		354318C5250050090024CD90 /* MyWeatherApp */ = {
			isa = PBXGroup;
			children = (
				354318C6250050090024CD90 /* AppDelegate.swift */,
				354318CA250050090024CD90 /* MainViewController.swift */,
				354318CC250050090024CD90 /* Main.storyboard */,
				354318F72500541A0024CD90 /* Resources */,
				354318F6250051BD0024CD90 /* Support Files */,
			);
			path = MyWeatherApp;
			sourceTree = "<group>";
		};
		354318DC2500500A0024CD90 /* MyWeatherAppTests */ = {
			isa = PBXGroup;
			children = (
				354318DD2500500A0024CD90 /* MyWeatherAppTests.swift */,
				354318DF2500500A0024CD90 /* Info.plist */,
			);
			path = MyWeatherAppTests;
			sourceTree = "<group>";
		};
		354318E72500500A0024CD90 /* MyWeatherAppUITests */ = {
			isa = PBXGroup;
			children = (
				354318E82500500A0024CD90 /* MyWeatherAppUITests.swift */,
				354318EA2500500A0024CD90 /* Info.plist */,
			);
			path = MyWeatherAppUITests;
			sourceTree = "<group>";
		};
		354318F6250051BD0024CD90 /* Support Files */ = {
			isa = PBXGroup;
			children = (
				354318D42500500A0024CD90 /* Info.plist */,
			);
			path = "Support Files";
			sourceTree = "<group>";
		};
		354318F72500541A0024CD90 /* Resources */ = {
			isa = PBXGroup;
			children = (
				354318D12500500A0024CD90 /* LaunchScreen.storyboard */,
				354318CF2500500A0024CD90 /* Assets.xcassets */,
				354318F8250054760024CD90 /* forecasts.json */,
			);
			path = Resources;
			sourceTree = "<group>";
		};
/* End PBXGroup section */

/* Begin PBXNativeTarget section */
		354318C2250050090024CD90 /* MyWeatherApp */ = {
			isa = PBXNativeTarget;
			buildConfigurationList = 354318ED2500500A0024CD90 /* Build configuration list for PBXNativeTarget "MyWeatherApp" */;
			buildPhases = (
				354318BF250050090024CD90 /* Sources */,
				354318C0250050090024CD90 /* Frameworks */,
				354318C1250050090024CD90 /* Resources */,
			);
			buildRules = (
			);
			dependencies = (
			);
			name = MyWeatherApp;
			productName = MyWeatherApp;
			productReference = 354318C3250050090024CD90 /* MyWeatherApp.app */;
			productType = "com.apple.product-type.application";
		};
		354318D82500500A0024CD90 /* MyWeatherAppTests */ = {
			isa = PBXNativeTarget;
			buildConfigurationList = 354318F02500500A0024CD90 /* Build configuration list for PBXNativeTarget "MyWeatherAppTests" */;
			buildPhases = (
				354318D52500500A0024CD90 /* Sources */,
				354318D62500500A0024CD90 /* Frameworks */,
				354318D72500500A0024CD90 /* Resources */,
			);
			buildRules = (
			);
			dependencies = (
				354318DB2500500A0024CD90 /* PBXTargetDependency */,
			);
			name = MyWeatherAppTests;
			productName = MyWeatherAppTests;
			productReference = 354318D92500500A0024CD90 /* MyWeatherAppTests.xctest */;
			productType = "com.apple.product-type.bundle.unit-test";
		};
		354318E32500500A0024CD90 /* MyWeatherAppUITests */ = {
			isa = PBXNativeTarget;
			buildConfigurationList = 354318F32500500A0024CD90 /* Build configuration list for PBXNativeTarget "MyWeatherAppUITests" */;
			buildPhases = (
				354318E02500500A0024CD90 /* Sources */,
				354318E12500500A0024CD90 /* Frameworks */,
				354318E22500500A0024CD90 /* Resources */,
			);
			buildRules = (
			);
			dependencies = (
				354318E62500500A0024CD90 /* PBXTargetDependency */,
			);
			name = MyWeatherAppUITests;
			productName = MyWeatherAppUITests;
			productReference = 354318E42500500A0024CD90 /* MyWeatherAppUITests.xctest */;
			productType = "com.apple.product-type.bundle.ui-testing";
		};
/* End PBXNativeTarget section */

/* Begin PBXProject section */
		354318BB250050090024CD90 /* Project object */ = {
			isa = PBXProject;
			attributes = {
				LastSwiftUpdateCheck = 1150;
				LastUpgradeCheck = 1150;
				ORGANIZATIONNAME = "Ahmed Hamza";
				TargetAttributes = {
					354318C2250050090024CD90 = {
						CreatedOnToolsVersion = 11.5;
					};
					354318D82500500A0024CD90 = {
						CreatedOnToolsVersion = 11.5;
						TestTargetID = 354318C2250050090024CD90;
					};
					354318E32500500A0024CD90 = {
						CreatedOnToolsVersion = 11.5;
						TestTargetID = 354318C2250050090024CD90;
					};
				};
			};
			buildConfigurationList = 354318BE250050090024CD90 /* Build configuration list for PBXProject "MyWeatherApp" */;
			compatibilityVersion = "Xcode 9.3";
			developmentRegion = en;
			hasScannedForEncodings = 0;
			knownRegions = (
				en,
				Base,
			);
			mainGroup = 354318BA250050090024CD90;
			productRefGroup = 354318C4250050090024CD90 /* Products */;
			projectDirPath = "";
			projectRoot = "";
			targets = (
				354318C2250050090024CD90 /* MyWeatherApp */,
				354318D82500500A0024CD90 /* MyWeatherAppTests */,
				354318E32500500A0024CD90 /* MyWeatherAppUITests */,
			);
		};
/* End PBXProject section */

/* Begin PBXResourcesBuildPhase section */
		354318C1250050090024CD90 /* Resources */ = {
			isa = PBXResourcesBuildPhase;
			buildActionMask = 2147483647;
			files = (
				354318D32500500A0024CD90 /* LaunchScreen.storyboard in Resources */,
				354318D02500500A0024CD90 /* Assets.xcassets in Resources */,
				354318CE250050090024CD90 /* Main.storyboard in Resources */,
				354318F9250054760024CD90 /* forecasts.json in Resources */,
			);
			runOnlyForDeploymentPostprocessing = 0;
		};
		354318D72500500A0024CD90 /* Resources */ = {
			isa = PBXResourcesBuildPhase;
			buildActionMask = 2147483647;
			files = (
			);
			runOnlyForDeploymentPostprocessing = 0;
		};
		354318E22500500A0024CD90 /* Resources */ = {
			isa = PBXResourcesBuildPhase;
			buildActionMask = 2147483647;
			files = (
			);
			runOnlyForDeploymentPostprocessing = 0;
		};
/* End PBXResourcesBuildPhase section */

/* Begin PBXSourcesBuildPhase section */
		354318BF250050090024CD90 /* Sources */ = {
			isa = PBXSourcesBuildPhase;
			buildActionMask = 2147483647;
			files = (
				354318CB250050090024CD90 /* MainViewController.swift in Sources */,
				354318C7250050090024CD90 /* AppDelegate.swift in Sources */,
			);
			runOnlyForDeploymentPostprocessing = 0;
		};
		354318D52500500A0024CD90 /* Sources */ = {
			isa = PBXSourcesBuildPhase;
			buildActionMask = 2147483647;
			files = (
				354318DE2500500A0024CD90 /* MyWeatherAppTests.swift in Sources */,
			);
			runOnlyForDeploymentPostprocessing = 0;
		};
		354318E02500500A0024CD90 /* Sources */ = {
			isa = PBXSourcesBuildPhase;
			buildActionMask = 2147483647;
			files = (
				354318E92500500A0024CD90 /* MyWeatherAppUITests.swift in Sources */,
			);
			runOnlyForDeploymentPostprocessing = 0;
		};
/* End PBXSourcesBuildPhase section */

/* Begin PBXTargetDependency section */
		354318DB2500500A0024CD90 /* PBXTargetDependency */ = {
			isa = PBXTargetDependency;
			target = 354318C2250050090024CD90 /* MyWeatherApp */;
			targetProxy = 354318DA2500500A0024CD90 /* PBXContainerItemProxy */;
		};
		354318E62500500A0024CD90 /* PBXTargetDependency */ = {
			isa = PBXTargetDependency;
			target = 354318C2250050090024CD90 /* MyWeatherApp */;
			targetProxy = 354318E52500500A0024CD90 /* PBXContainerItemProxy */;
		};
/* End PBXTargetDependency section */

/* Begin PBXVariantGroup section */
		354318CC250050090024CD90 /* Main.storyboard */ = {
			isa = PBXVariantGroup;
			children = (
				354318CD250050090024CD90 /* Base */,
			);
			name = Main.storyboard;
			sourceTree = "<group>";
		};
		354318D12500500A0024CD90 /* LaunchScreen.storyboard */ = {
			isa = PBXVariantGroup;
			children = (
				354318D22500500A0024CD90 /* Base */,
			);
			name = LaunchScreen.storyboard;
			sourceTree = "<group>";
		};
/* End PBXVariantGroup section */

/* Begin XCBuildConfiguration section */
		354318EB2500500A0024CD90 /* Debug */ = {
			isa = XCBuildConfiguration;
			buildSettings = {
				ALWAYS_SEARCH_USER_PATHS = NO;
				CLANG_ANALYZER_NONNULL = YES;
				CLANG_ANALYZER_NUMBER_OBJECT_CONVERSION = YES_AGGRESSIVE;
				CLANG_CXX_LANGUAGE_STANDARD = "gnu++14";
				CLANG_CXX_LIBRARY = "libc++";
				CLANG_ENABLE_MODULES = YES;
				CLANG_ENABLE_OBJC_ARC = YES;
				CLANG_ENABLE_OBJC_WEAK = YES;
				CLANG_WARN_BLOCK_CAPTURE_AUTORELEASING = YES;
				CLANG_WARN_BOOL_CONVERSION = YES;
				CLANG_WARN_COMMA = YES;
				CLANG_WARN_CONSTANT_CONVERSION = YES;
				CLANG_WARN_DEPRECATED_OBJC_IMPLEMENTATIONS = YES;
				CLANG_WARN_DIRECT_OBJC_ISA_USAGE = YES_ERROR;
				CLANG_WARN_DOCUMENTATION_COMMENTS = YES;
				CLANG_WARN_EMPTY_BODY = YES;
				CLANG_WARN_ENUM_CONVERSION = YES;
				CLANG_WARN_INFINITE_RECURSION = YES;
				CLANG_WARN_INT_CONVERSION = YES;
				CLANG_WARN_NON_LITERAL_NULL_CONVERSION = YES;
				CLANG_WARN_OBJC_IMPLICIT_RETAIN_SELF = YES;
				CLANG_WARN_OBJC_LITERAL_CONVERSION = YES;
				CLANG_WARN_OBJC_ROOT_CLASS = YES_ERROR;
				CLANG_WARN_RANGE_LOOP_ANALYSIS = YES;
				CLANG_WARN_STRICT_PROTOTYPES = YES;
				CLANG_WARN_SUSPICIOUS_MOVE = YES;
				CLANG_WARN_UNGUARDED_AVAILABILITY = YES_AGGRESSIVE;
				CLANG_WARN_UNREACHABLE_CODE = YES;
				CLANG_WARN__DUPLICATE_METHOD_MATCH = YES;
				COPY_PHASE_STRIP = NO;
				DEBUG_INFORMATION_FORMAT = dwarf;
				ENABLE_STRICT_OBJC_MSGSEND = YES;
				ENABLE_TESTABILITY = YES;
				GCC_C_LANGUAGE_STANDARD = gnu11;
				GCC_DYNAMIC_NO_PIC = NO;
				GCC_NO_COMMON_BLOCKS = YES;
				GCC_OPTIMIZATION_LEVEL = 0;
				GCC_PREPROCESSOR_DEFINITIONS = (
					"DEBUG=1",
					"$(inherited)",
				);
				GCC_WARN_64_TO_32_BIT_CONVERSION = YES;
				GCC_WARN_ABOUT_RETURN_TYPE = YES_ERROR;
				GCC_WARN_UNDECLARED_SELECTOR = YES;
				GCC_WARN_UNINITIALIZED_AUTOS = YES_AGGRESSIVE;
				GCC_WARN_UNUSED_FUNCTION = YES;
				GCC_WARN_UNUSED_VARIABLE = YES;
				IPHONEOS_DEPLOYMENT_TARGET = 11.0;
				MTL_ENABLE_DEBUG_INFO = INCLUDE_SOURCE;
				MTL_FAST_MATH = YES;
				ONLY_ACTIVE_ARCH = YES;
				SDKROOT = iphoneos;
				SWIFT_ACTIVE_COMPILATION_CONDITIONS = DEBUG;
				SWIFT_OPTIMIZATION_LEVEL = "-Onone";
			};
			name = Debug;
		};
		354318EC2500500A0024CD90 /* Release */ = {
			isa = XCBuildConfiguration;
			buildSettings = {
				ALWAYS_SEARCH_USER_PATHS = NO;
				CLANG_ANALYZER_NONNULL = YES;
				CLANG_ANALYZER_NUMBER_OBJECT_CONVERSION = YES_AGGRESSIVE;
				CLANG_CXX_LANGUAGE_STANDARD = "gnu++14";
				CLANG_CXX_LIBRARY = "libc++";
				CLANG_ENABLE_MODULES = YES;
				CLANG_ENABLE_OBJC_ARC = YES;
				CLANG_ENABLE_OBJC_WEAK = YES;
				CLANG_WARN_BLOCK_CAPTURE_AUTORELEASING = YES;
				CLANG_WARN_BOOL_CONVERSION = YES;
				CLANG_WARN_COMMA = YES;
				CLANG_WARN_CONSTANT_CONVERSION = YES;
				CLANG_WARN_DEPRECATED_OBJC_IMPLEMENTATIONS = YES;
				CLANG_WARN_DIRECT_OBJC_ISA_USAGE = YES_ERROR;
				CLANG_WARN_DOCUMENTATION_COMMENTS = YES;
				CLANG_WARN_EMPTY_BODY = YES;
				CLANG_WARN_ENUM_CONVERSION = YES;
				CLANG_WARN_INFINITE_RECURSION = YES;
				CLANG_WARN_INT_CONVERSION = YES;
				CLANG_WARN_NON_LITERAL_NULL_CONVERSION = YES;
				CLANG_WARN_OBJC_IMPLICIT_RETAIN_SELF = YES;
				CLANG_WARN_OBJC_LITERAL_CONVERSION = YES;
				CLANG_WARN_OBJC_ROOT_CLASS = YES_ERROR;
				CLANG_WARN_RANGE_LOOP_ANALYSIS = YES;
				CLANG_WARN_STRICT_PROTOTYPES = YES;
				CLANG_WARN_SUSPICIOUS_MOVE = YES;
				CLANG_WARN_UNGUARDED_AVAILABILITY = YES_AGGRESSIVE;
				CLANG_WARN_UNREACHABLE_CODE = YES;
				CLANG_WARN__DUPLICATE_METHOD_MATCH = YES;
				COPY_PHASE_STRIP = NO;
				DEBUG_INFORMATION_FORMAT = "dwarf-with-dsym";
				ENABLE_NS_ASSERTIONS = NO;
				ENABLE_STRICT_OBJC_MSGSEND = YES;
				GCC_C_LANGUAGE_STANDARD = gnu11;
				GCC_NO_COMMON_BLOCKS = YES;
				GCC_WARN_64_TO_32_BIT_CONVERSION = YES;
				GCC_WARN_ABOUT_RETURN_TYPE = YES_ERROR;
				GCC_WARN_UNDECLARED_SELECTOR = YES;
				GCC_WARN_UNINITIALIZED_AUTOS = YES_AGGRESSIVE;
				GCC_WARN_UNUSED_FUNCTION = YES;
				GCC_WARN_UNUSED_VARIABLE = YES;
				IPHONEOS_DEPLOYMENT_TARGET = 11.0;
				MTL_ENABLE_DEBUG_INFO = NO;
				MTL_FAST_MATH = YES;
				SDKROOT = iphoneos;
				SWIFT_COMPILATION_MODE = wholemodule;
				SWIFT_OPTIMIZATION_LEVEL = "-O";
				VALIDATE_PRODUCT = YES;
			};
			name = Release;
		};
		354318EE2500500A0024CD90 /* Debug */ = {
			isa = XCBuildConfiguration;
			buildSettings = {
				ASSETCATALOG_COMPILER_APPICON_NAME = AppIcon;
				CODE_SIGN_STYLE = Automatic;
				DEVELOPMENT_TEAM = 563L3XHGNY;
				INFOPLIST_FILE = "MyWeatherApp/Support Files/Info.plist";
				LD_RUNPATH_SEARCH_PATHS = (
					"$(inherited)",
					"@executable_path/Frameworks",
				);
				PRODUCT_BUNDLE_IDENTIFIER = com.dev.hamza.MyWeatherApp;
				PRODUCT_NAME = "$(TARGET_NAME)";
				SWIFT_VERSION = 5.0;
				TARGETED_DEVICE_FAMILY = "1,2";
			};
			name = Debug;
		};
		354318EF2500500A0024CD90 /* Release */ = {
			isa = XCBuildConfiguration;
			buildSettings = {
				ASSETCATALOG_COMPILER_APPICON_NAME = AppIcon;
				CODE_SIGN_STYLE = Automatic;
				DEVELOPMENT_TEAM = 563L3XHGNY;
				INFOPLIST_FILE = "MyWeatherApp/Support Files/Info.plist";
				LD_RUNPATH_SEARCH_PATHS = (
					"$(inherited)",
					"@executable_path/Frameworks",
				);
				PRODUCT_BUNDLE_IDENTIFIER = com.dev.hamza.MyWeatherApp;
				PRODUCT_NAME = "$(TARGET_NAME)";
				SWIFT_VERSION = 5.0;
				TARGETED_DEVICE_FAMILY = "1,2";
			};
			name = Release;
		};
		354318F12500500A0024CD90 /* Debug */ = {
			isa = XCBuildConfiguration;
			buildSettings = {
				ALWAYS_EMBED_SWIFT_STANDARD_LIBRARIES = YES;
				BUNDLE_LOADER = "$(TEST_HOST)";
				CODE_SIGN_STYLE = Automatic;
				DEVELOPMENT_TEAM = 563L3XHGNY;
				INFOPLIST_FILE = MyWeatherAppTests/Info.plist;
				IPHONEOS_DEPLOYMENT_TARGET = 13.5;
				LD_RUNPATH_SEARCH_PATHS = (
					"$(inherited)",
					"@executable_path/Frameworks",
					"@loader_path/Frameworks",
				);
				PRODUCT_BUNDLE_IDENTIFIER = com.dev.hamza.MyWeatherAppTests;
				PRODUCT_NAME = "$(TARGET_NAME)";
				SWIFT_VERSION = 5.0;
				TARGETED_DEVICE_FAMILY = "1,2";
				TEST_HOST = "$(BUILT_PRODUCTS_DIR)/MyWeatherApp.app/MyWeatherApp";
			};
			name = Debug;
		};
		354318F22500500A0024CD90 /* Release */ = {
			isa = XCBuildConfiguration;
			buildSettings = {
				ALWAYS_EMBED_SWIFT_STANDARD_LIBRARIES = YES;
				BUNDLE_LOADER = "$(TEST_HOST)";
				CODE_SIGN_STYLE = Automatic;
				DEVELOPMENT_TEAM = 563L3XHGNY;
				INFOPLIST_FILE = MyWeatherAppTests/Info.plist;
				IPHONEOS_DEPLOYMENT_TARGET = 13.5;
				LD_RUNPATH_SEARCH_PATHS = (
					"$(inherited)",
					"@executable_path/Frameworks",
					"@loader_path/Frameworks",
				);
				PRODUCT_BUNDLE_IDENTIFIER = com.dev.hamza.MyWeatherAppTests;
				PRODUCT_NAME = "$(TARGET_NAME)";
				SWIFT_VERSION = 5.0;
				TARGETED_DEVICE_FAMILY = "1,2";
				TEST_HOST = "$(BUILT_PRODUCTS_DIR)/MyWeatherApp.app/MyWeatherApp";
			};
			name = Release;
		};
		354318F42500500A0024CD90 /* Debug */ = {
			isa = XCBuildConfiguration;
			buildSettings = {
				ALWAYS_EMBED_SWIFT_STANDARD_LIBRARIES = YES;
				CODE_SIGN_STYLE = Automatic;
				DEVELOPMENT_TEAM = 563L3XHGNY;
				INFOPLIST_FILE = MyWeatherAppUITests/Info.plist;
				LD_RUNPATH_SEARCH_PATHS = (
					"$(inherited)",
					"@executable_path/Frameworks",
					"@loader_path/Frameworks",
				);
				PRODUCT_BUNDLE_IDENTIFIER = com.dev.hamza.MyWeatherAppUITests;
				PRODUCT_NAME = "$(TARGET_NAME)";
				SWIFT_VERSION = 5.0;
				TARGETED_DEVICE_FAMILY = "1,2";
				TEST_TARGET_NAME = MyWeatherApp;
			};
			name = Debug;
		};
		354318F52500500A0024CD90 /* Release */ = {
			isa = XCBuildConfiguration;
			buildSettings = {
				ALWAYS_EMBED_SWIFT_STANDARD_LIBRARIES = YES;
				CODE_SIGN_STYLE = Automatic;
				DEVELOPMENT_TEAM = 563L3XHGNY;
				INFOPLIST_FILE = MyWeatherAppUITests/Info.plist;
				LD_RUNPATH_SEARCH_PATHS = (
					"$(inherited)",
					"@executable_path/Frameworks",
					"@loader_path/Frameworks",
				);
				PRODUCT_BUNDLE_IDENTIFIER = com.dev.hamza.MyWeatherAppUITests;
				PRODUCT_NAME = "$(TARGET_NAME)";
				SWIFT_VERSION = 5.0;
				TARGETED_DEVICE_FAMILY = "1,2";
				TEST_TARGET_NAME = MyWeatherApp;
			};
			name = Release;
		};
/* End XCBuildConfiguration section */

/* Begin XCConfigurationList section */
		354318BE250050090024CD90 /* Build configuration list for PBXProject "MyWeatherApp" */ = {
			isa = XCConfigurationList;
			buildConfigurations = (
				354318EB2500500A0024CD90 /* Debug */,
				354318EC2500500A0024CD90 /* Release */,
			);
			defaultConfigurationIsVisible = 0;
			defaultConfigurationName = Release;
		};
		354318ED2500500A0024CD90 /* Build configuration list for PBXNativeTarget "MyWeatherApp" */ = {
			isa = XCConfigurationList;
			buildConfigurations = (
				354318EE2500500A0024CD90 /* Debug */,
				354318EF2500500A0024CD90 /* Release */,
			);
			defaultConfigurationIsVisible = 0;
			defaultConfigurationName = Release;
		};
		354318F02500500A0024CD90 /* Build configuration list for PBXNativeTarget "MyWeatherAppTests" */ = {
			isa = XCConfigurationList;
			buildConfigurations = (
				354318F12500500A0024CD90 /* Debug */,
				354318F22500500A0024CD90 /* Release */,
			);
			defaultConfigurationIsVisible = 0;
			defaultConfigurationName = Release;
		};
		354318F32500500A0024CD90 /* Build configuration list for PBXNativeTarget "MyWeatherAppUITests" */ = {
			isa = XCConfigurationList;
			buildConfigurations = (
				354318F42500500A0024CD90 /* Debug */,
				354318F52500500A0024CD90 /* Release */,
			);
			defaultConfigurationIsVisible = 0;
			defaultConfigurationName = Release;
		};
/* End XCConfigurationList section */
	};
	rootObject = 354318BB250050090024CD90 /* Project object */;
}
